
Microsoft Visual Studio Solution File, Format Version 12.00
# Visual Studio 15
Project("{FAE04EC0-301F-11D3-BF4B-00C04F79EFBC}") = "TopDownShooterProject", "Assembly-CSharp.csproj", "{E456C43B-9FA9-EB6A-2C96-56DAE84F3D77}"
EndProject
Project("{FAE04EC0-301F-11D3-BF4B-00C04F79EFBC}") = "TopDownShooterProject", "AstarPathfindingProject.csproj", "{06919025-DC9D-9473-3D33-35A5373CCCC0}"
EndProject
Project("{FAE04EC0-301F-11D3-BF4B-00C04F79EFBC}") = "TopDownShooterProject", "AstarPathfindingProjectEditor.csproj", "{2572BC79-AC1F-190B-4711-68B649408A3B}"
EndProject
Project("{FAE04EC0-301F-11D3-BF4B-00C04F79EFBC}") = "TopDownShooterProject", "PackageToolsEditor.csproj", "{0446F1D1-EEFC-8630-F279-899DFA4BA760}"
EndProject
Global
	GlobalSection(SolutionConfigurationPlatforms) = preSolution
		Debug|Any CPU = Debug|Any CPU
		Release|Any CPU = Release|Any CPU
	EndGlobalSection
	GlobalSection(ProjectConfigurationPlatforms) = postSolution
		{E456C43B-9FA9-EB6A-2C96-56DAE84F3D77}.Debug|Any CPU.ActiveCfg = Debug|Any CPU
		{E456C43B-9FA9-EB6A-2C96-56DAE84F3D77}.Debug|Any CPU.Build.0 = Debug|Any CPU
		{E456C43B-9FA9-EB6A-2C96-56DAE84F3D77}.Release|Any CPU.ActiveCfg = Release|Any CPU
		{E456C43B-9FA9-EB6A-2C96-56DAE84F3D77}.Release|Any CPU.Build.0 = Release|Any CPU
		{06919025-DC9D-9473-3D33-35A5373CCCC0}.Debug|Any CPU.ActiveCfg = Debug|Any CPU
		{06919025-DC9D-9473-3D33-35A5373CCCC0}.Debug|Any CPU.Build.0 = Debug|Any CPU
		{06919025-DC9D-9473-3D33-35A5373CCCC0}.Release|Any CPU.ActiveCfg = Release|Any CPU
		{06919025-DC9D-9473-3D33-35A5373CCCC0}.Release|Any CPU.Build.0 = Release|Any CPU
		{2572BC79-AC1F-190B-4711-68B649408A3B}.Debug|Any CPU.ActiveCfg = Debug|Any CPU
		{2572BC79-AC1F-190B-4711-68B649408A3B}.Debug|Any CPU.Build.0 = Debug|Any CPU
		{2572BC79-AC1F-190B-4711-68B649408A3B}.Release|Any CPU.ActiveCfg = Release|Any CPU
		{2572BC79-AC1F-190B-4711-68B649408A3B}.Release|Any CPU.Build.0 = Release|Any CPU
		{0446F1D1-EEFC-8630-F279-899DFA4BA760}.Debug|Any CPU.ActiveCfg = Debug|Any CPU
		{0446F1D1-EEFC-8630-F279-899DFA4BA760}.Debug|Any CPU.Build.0 = Debug|Any CPU
		{0446F1D1-EEFC-8630-F279-899DFA4BA760}.Release|Any CPU.ActiveCfg = Release|Any CPU
		{0446F1D1-EEFC-8630-F279-899DFA4BA760}.Release|Any CPU.Build.0 = Release|Any CPU
	EndGlobalSection
	GlobalSection(SolutionProperties) = preSolution
		HideSolutionNode = FALSE
	EndGlobalSection
EndGlobal
